
Microsoft Visual Studio Solution File, Format Version 12.00
# Visual Studio 15
VisualStudioVersion = 15.0.27703.2035
MinimumVisualStudioVersion = 10.0.40219.1
Project("{FAE04EC0-301F-11D3-BF4B-00C04F79EFBC}") = "CreaPost", "CreaPost\CreaPost.csproj", "{B86D0AD5-1BBC-45D5-9754-98D75DE84726}"
EndProject
Global
	GlobalSection(SolutionConfigurationPlatforms) = preSolution
		Debug|Any CPU = Debug|Any CPU
		Release|Any CPU = Release|Any CPU
	EndGlobalSection
	GlobalSection(ProjectConfigurationPlatforms) = postSolution
		{B86D0AD5-1BBC-45D5-9754-98D75DE84726}.Debug|Any CPU.ActiveCfg = Debug|Any CPU
		{B86D0AD5-1BBC-45D5-9754-98D75DE84726}.Debug|Any CPU.Build.0 = Debug|Any CPU
		{B86D0AD5-1BBC-45D5-9754-98D75DE84726}.Release|Any CPU.ActiveCfg = Release|Any CPU
		{B86D0AD5-1BBC-45D5-9754-98D75DE84726}.Release|Any CPU.Build.0 = Release|Any CPU
	EndGlobalSection
	GlobalSection(SolutionProperties) = preSolution
		HideSolutionNode = FALSE
	EndGlobalSection
	GlobalSection(ExtensibilityGlobals) = postSolution
		SolutionGuid = {3B13BA7F-30D7-4883-8E54-82B9078C80DF}
	EndGlobalSection
EndGlobal
